github.com/cxmcc/tiger v0.0.0-20170524142333-bde35e2713d7 h1:jBEtq1t2gpn2kEzvRlCUxvvrxl5aSWkXNPwe/hwvSNQ=
github.com/cxmcc/tiger v0.0.0-20170524142333-bde35e2713d7/go.mod h1:ruCYvt9rtYymAr4rNmfYJrl1dz8HSXUFP7cufqKOsDI=
github.com/dsnet/compress v0.0.0-20171208185109-cc9eb1d7ad76 h1:eX+pdPPlD279OWgdx7f6KqIRSONuK7egk+jDx7OM3Ac=
github.com/dsnet/compress v0.0.0-20171208185109-cc9eb1d7ad76/go.mod h1:KjxHHirfLaw19iGT70HvVjHQsL1vq1SRQB4yOsAfy2s=
